# THIS IS AN AUTOGENERATED FILE. DO NOT EDIT THIS FILE DIRECTLY.
# yarn lockfile v1


react-native-markdown-editor@^1.0.1:
  version "1.0.1"
  resolved "https://registry.yarnpkg.com/react-native-markdown-editor/-/react-native-markdown-editor-1.0.1.tgz#f09c1bc96403db8c332804ffadd32a87e4719599"
  dependencies:
    react-native-markdown-view "^1.0.0"

react-native-markdown-view@^1.0.0:
  version "1.0.0"
  resolved "https://registry.yarnpkg.com/react-native-markdown-view/-/react-native-markdown-view-1.0.0.tgz#95021220ef0757bda28db045f483056a4831d045"
  dependencies:
    react-native-tabular-grid "github:Benjamin-Dobell/react-native-tabular-grid"
    simple-markdown "^0.2.1"

"react-native-tabular-grid@github:benjamin-dobell/react-native-tabular-grid":
  version "0.0.0-development"
  resolved "https://codeload.github.com/benjamin-dobell/react-native-tabular-grid/tar.gz/64853b096f77ddcd9ffcf8e8045ab91b16e054b1"

simple-markdown@^0.2.1:
  version "0.2.1"
  resolved "https://registry.yarnpkg.com/simple-markdown/-/simple-markdown-0.2.1.tgz#6df51517681f6aab4df1cc980cf6b845bb6b3d33"
